// !$*UTF8*$!
{
	archiveVersion = 1;
	classes = {
	};
	objectVersion = 55;
	objects = {

/* Begin PBXBuildFile section */
		6A60D96D283D011B004F8111 /* TicTacToeApp.swift in Sources */ = {isa = PBXBuildFile; fileRef = 6A60D96C283D011B004F8111 /* TicTacToeApp.swift */; };
		6A60D96F283D011B004F8111 /* ContentView.swift in Sources */ = {isa = PBXBuildFile; fileRef = 6A60D96E283D011B004F8111 /* ContentView.swift */; };
		6A60D971283D011B004F8111 /* Assets.xcassets in Resources */ = {isa = PBXBuildFile; fileRef = 6A60D970283D011B004F8111 /* Assets.xcassets */; };
		6A60D974283D011B004F8111 /* Preview Assets.xcassets in Resources */ = {isa = PBXBuildFile; fileRef = 6A60D973283D011B004F8111 /* Preview Assets.xcassets */; };
		6A60D97E283D011B004F8111 /* TicTacToeTests.swift in Sources */ = {isa = PBXBuildFile; fileRef = 6A60D97D283D011B004F8111 /* TicTacToeTests.swift */; };
		6A60D988283D011B004F8111 /* TicTacToeUITests.swift in Sources */ = {isa = PBXBuildFile; fileRef = 6A60D987283D011B004F8111 /* TicTacToeUITests.swift */; };
		6A60D98A283D011B004F8111 /* TicTacToeUITestsLaunchTests.swift in Sources */ = {isa = PBXBuildFile; fileRef = 6A60D989283D011B004F8111 /* TicTacToeUITestsLaunchTests.swift */; };
		6A60D997283D019A004F8111 /* XOButton.swift in Sources */ = {isa = PBXBuildFile; fileRef = 6A60D996283D019A004F8111 /* XOButton.swift */; };
		6A60D999283D2794004F8111 /* Utils.swift in Sources */ = {isa = PBXBuildFile; fileRef = 6A60D998283D2794004F8111 /* Utils.swift */; };
/* End PBXBuildFile section */

/* Begin PBXContainerItemProxy section */
		6A60D97A283D011B004F8111 /* PBXContainerItemProxy */ = {
			isa = PBXContainerItemProxy;
			containerPortal = 6A60D961283D011B004F8111 /* Project object */;
			proxyType = 1;
			remoteGlobalIDString = 6A60D968283D011B004F8111;
			remoteInfo = TicTacToe;
		};
		6A60D984283D011B004F8111 /* PBXContainerItemProxy */ = {
			isa = PBXContainerItemProxy;
			containerPortal = 6A60D961283D011B004F8111 /* Project object */;
			proxyType = 1;
			remoteGlobalIDString = 6A60D968283D011B004F8111;
			remoteInfo = TicTacToe;
		};
/* End PBXContainerItemProxy section */

/* Begin PBXFileReference section */
		6A60D969283D011B004F8111 /* TicTacToe.app */ = {isa = PBXFileReference; explicitFileType = wrapper.application; includeInIndex = 0; path = TicTacToe.app; sourceTree = BUILT_PRODUCTS_DIR; };
		6A60D96C283D011B004F8111 /* TicTacToeApp.swift */ = {isa = PBXFileReference; lastKnownFileType = sourcecode.swift; path = TicTacToeApp.swift; sourceTree = "<group>"; };
		6A60D96E283D011B004F8111 /* ContentView.swift */ = {isa = PBXFileReference; lastKnownFileType = sourcecode.swift; path = ContentView.swift; sourceTree = "<group>"; };
		6A60D970283D011B004F8111 /* Assets.xcassets */ = {isa = PBXFileReference; lastKnownFileType = folder.assetcatalog; path = Assets.xcassets; sourceTree = "<group>"; };
		6A60D973283D011B004F8111 /* Preview Assets.xcassets */ = {isa = PBXFileReference; lastKnownFileType = folder.assetcatalog; path = "Preview Assets.xcassets"; sourceTree = "<group>"; };
		6A60D979283D011B004F8111 /* TicTacToeTests.xctest */ = {isa = PBXFileReference; explicitFileType = wrapper.cfbundle; includeInIndex = 0; path = TicTacToeTests.xctest; sourceTree = BUILT_PRODUCTS_DIR; };
		6A60D97D283D011B004F8111 /* TicTacToeTests.swift */ = {isa = PBXFileReference; lastKnownFileType = sourcecode.swift; path = TicTacToeTests.swift; sourceTree = "<group>"; };
		6A60D983283D011B004F8111 /* TicTacToeUITests.xctest */ = {isa = PBXFileReference; explicitFileType = wrapper.cfbundle; includeInIndex = 0; path = TicTacToeUITests.xctest; sourceTree = BUILT_PRODUCTS_DIR; };
		6A60D987283D011B004F8111 /* TicTacToeUITests.swift */ = {isa = PBXFileReference; lastKnownFileType = sourcecode.swift; path = TicTacToeUITests.swift; sourceTree = "<group>"; };
		6A60D989283D011B004F8111 /* TicTacToeUITestsLaunchTests.swift */ = {isa = PBXFileReference; lastKnownFileType = sourcecode.swift; path = TicTacToeUITestsLaunchTests.swift; sourceTree = "<group>"; };
		6A60D996283D019A004F8111 /* XOButton.swift */ = {isa = PBXFileReference; lastKnownFileType = sourcecode.swift; path = XOButton.swift; sourceTree = "<group>"; };
		6A60D998283D2794004F8111 /* Utils.swift */ = {isa = PBXFileReference; lastKnownFileType = sourcecode.swift; path = Utils.swift; sourceTree = "<group>"; };
/* End PBXFileReference section */

/* Begin PBXFrameworksBuildPhase section */
		6A60D966283D011B004F8111 /* Frameworks */ = {
			isa = PBXFrameworksBuildPhase;
			buildActionMask = 2147483647;
			files = (
			);
			runOnlyForDeploymentPostprocessing = 0;
		};
		6A60D976283D011B004F8111 /* Frameworks */ = {
			isa = PBXFrameworksBuildPhase;
			buildActionMask = 2147483647;
			files = (
			);
			runOnlyForDeploymentPostprocessing = 0;
		};
		6A60D980283D011B004F8111 /* Frameworks */ = {
			isa = PBXFrameworksBuildPhase;
			buildActionMask = 2147483647;
			files = (
			);
			runOnlyForDeploymentPostprocessing = 0;
		};
/* End PBXFrameworksBuildPhase section */

/* Begin PBXGroup section */
		6A60D960283D011B004F8111 = {
			isa = PBXGroup;
			children = (
				6A60D96B283D011B004F8111 /* TicTacToe */,
				6A60D97C283D011B004F8111 /* TicTacToeTests */,
				6A60D986283D011B004F8111 /* TicTacToeUITests */,
				6A60D96A283D011B004F8111 /* Products */,
			);
			sourceTree = "<group>";
		};
		6A60D96A283D011B004F8111 /* Products */ = {
			isa = PBXGroup;
			children = (
				6A60D969283D011B004F8111 /* TicTacToe.app */,
				6A60D979283D011B004F8111 /* TicTacToeTests.xctest */,
				6A60D983283D011B004F8111 /* TicTacToeUITests.xctest */,
			);
			name = Products;
			sourceTree = "<group>";
		};
		6A60D96B283D011B004F8111 /* TicTacToe */ = {
			isa = PBXGroup;
			children = (
				6A60D96C283D011B004F8111 /* TicTacToeApp.swift */,
				6A60D96E283D011B004F8111 /* ContentView.swift */,
				6A60D998283D2794004F8111 /* Utils.swift */,
				6A60D996283D019A004F8111 /* XOButton.swift */,
				6A60D970283D011B004F8111 /* Assets.xcassets */,
				6A60D972283D011B004F8111 /* Preview Content */,
			);
			path = TicTacToe;
			sourceTree = "<group>";
		};
		6A60D972283D011B004F8111 /* Preview Content */ = {
			isa = PBXGroup;
			children = (
				6A60D973283D011B004F8111 /* Preview Assets.xcassets */,
			);
			path = "Preview Content";
			sourceTree = "<group>";
		};
		6A60D97C283D011B004F8111 /* TicTacToeTests */ = {
			isa = PBXGroup;
			children = (
				6A60D97D283D011B004F8111 /* TicTacToeTests.swift */,
			);
			path = TicTacToeTests;
			sourceTree = "<group>";
		};
		6A60D986283D011B004F8111 /* TicTacToeUITests */ = {
			isa = PBXGroup;
			children = (
				6A60D987283D011B004F8111 /* TicTacToeUITests.swift */,
				6A60D989283D011B004F8111 /* TicTacToeUITestsLaunchTests.swift */,
			);
			path = TicTacToeUITests;
			sourceTree = "<group>";
		};
/* End PBXGroup section */

/* Begin PBXNativeTarget section */
		6A60D968283D011B004F8111 /* TicTacToe */ = {
			isa = PBXNativeTarget;
			buildConfigurationList = 6A60D98D283D011B004F8111 /* Build configuration list for PBXNativeTarget "TicTacToe" */;
			buildPhases = (
				6A60D965283D011B004F8111 /* Sources */,
				6A60D966283D011B004F8111 /* Frameworks */,
				6A60D967283D011B004F8111 /* Resources */,
			);
			buildRules = (
			);
			dependencies = (
			);
			name = TicTacToe;
			productName = TicTacToe;
			productReference = 6A60D969283D011B004F8111 /* TicTacToe.app */;
			productType = "com.apple.product-type.application";
		};
		6A60D978283D011B004F8111 /* TicTacToeTests */ = {
			isa = PBXNativeTarget;
			buildConfigurationList = 6A60D990283D011B004F8111 /* Build configuration list for PBXNativeTarget "TicTacToeTests" */;
			buildPhases = (
				6A60D975283D011B004F8111 /* Sources */,
				6A60D976283D011B004F8111 /* Frameworks */,
				6A60D977283D011B004F8111 /* Resources */,
			);
			buildRules = (
			);
			dependencies = (
				6A60D97B283D011B004F8111 /* PBXTargetDependency */,
			);
			name = TicTacToeTests;
			productName = TicTacToeTests;
			productReference = 6A60D979283D011B004F8111 /* TicTacToeTests.xctest */;
			productType = "com.apple.product-type.bundle.unit-test";
		};
		6A60D982283D011B004F8111 /* TicTacToeUITests */ = {
			isa = PBXNativeTarget;
			buildConfigurationList = 6A60D993283D011B004F8111 /* Build configuration list for PBXNativeTarget "TicTacToeUITests" */;
			buildPhases = (
				6A60D97F283D011B004F8111 /* Sources */,
				6A60D980283D011B004F8111 /* Frameworks */,
				6A60D981283D011B004F8111 /* Resources */,
			);
			buildRules = (
			);
			dependencies = (
				6A60D985283D011B004F8111 /* PBXTargetDependency */,
			);
			name = TicTacToeUITests;
			productName = TicTacToeUITests;
			productReference = 6A60D983283D011B004F8111 /* TicTacToeUITests.xctest */;
			productType = "com.apple.product-type.bundle.ui-testing";
		};
/* End PBXNativeTarget section */

/* Begin PBXProject section */
		6A60D961283D011B004F8111 /* Project object */ = {
			isa = PBXProject;
			attributes = {
				BuildIndependentTargetsInParallel = 1;
				LastSwiftUpdateCheck = 1330;
				LastUpgradeCheck = 1330;
				TargetAttributes = {
					6A60D968283D011B004F8111 = {
						CreatedOnToolsVersion = 13.3.1;
					};
					6A60D978283D011B004F8111 = {
						CreatedOnToolsVersion = 13.3.1;
						TestTargetID = 6A60D968283D011B004F8111;
					};
					6A60D982283D011B004F8111 = {
						CreatedOnToolsVersion = 13.3.1;
						TestTargetID = 6A60D968283D011B004F8111;
					};
				};
			};
			buildConfigurationList = 6A60D964283D011B004F8111 /* Build configuration list for PBXProject "TicTacToe" */;
			compatibilityVersion = "Xcode 13.0";
			developmentRegion = en;
			hasScannedForEncodings = 0;
			knownRegions = (
				en,
				Base,
			);
			mainGroup = 6A60D960283D011B004F8111;
			productRefGroup = 6A60D96A283D011B004F8111 /* Products */;
			projectDirPath = "";
			projectRoot = "";
			targets = (
				6A60D968283D011B004F8111 /* TicTacToe */,
				6A60D978283D011B004F8111 /* TicTacToeTests */,
				6A60D982283D011B004F8111 /* TicTacToeUITests */,
			);
		};
/* End PBXProject section */

/* Begin PBXResourcesBuildPhase section */
		6A60D967283D011B004F8111 /* Resources */ = {
			isa = PBXResourcesBuildPhase;
			buildActionMask = 2147483647;
			files = (
				6A60D974283D011B004F8111 /* Preview Assets.xcassets in Resources */,
				6A60D971283D011B004F8111 /* Assets.xcassets in Resources */,
			);
			runOnlyForDeploymentPostprocessing = 0;
		};
		6A60D977283D011B004F8111 /* Resources */ = {
			isa = PBXResourcesBuildPhase;
			buildActionMask = 2147483647;
			files = (
			);
			runOnlyForDeploymentPostprocessing = 0;
		};
		6A60D981283D011B004F8111 /* Resources */ = {
			isa = PBXResourcesBuildPhase;
			buildActionMask = 2147483647;
			files = (
			);
			runOnlyForDeploymentPostprocessing = 0;
		};
/* End PBXResourcesBuildPhase section */

/* Begin PBXSourcesBuildPhase section */
		6A60D965283D011B004F8111 /* Sources */ = {
			isa = PBXSourcesBuildPhase;
			buildActionMask = 2147483647;
			files = (
				6A60D96F283D011B004F8111 /* ContentView.swift in Sources */,
				6A60D96D283D011B004F8111 /* TicTacToeApp.swift in Sources */,
				6A60D997283D019A004F8111 /* XOButton.swift in Sources */,
				6A60D999283D2794004F8111 /* Utils.swift in Sources */,
			);
			runOnlyForDeploymentPostprocessing = 0;
		};
		6A60D975283D011B004F8111 /* Sources */ = {
			isa = PBXSourcesBuildPhase;
			buildActionMask = 2147483647;
			files = (
				6A60D97E283D011B004F8111 /* TicTacToeTests.swift in Sources */,
			);
			runOnlyForDeploymentPostprocessing = 0;
		};
		6A60D97F283D011B004F8111 /* Sources */ = {
			isa = PBXSourcesBuildPhase;
			buildActionMask = 2147483647;
			files = (
				6A60D988283D011B004F8111 /* TicTacToeUITests.swift in Sources */,
				6A60D98A283D011B004F8111 /* TicTacToeUITestsLaunchTests.swift in Sources */,
			);
			runOnlyForDeploymentPostprocessing = 0;
		};
/* End PBXSourcesBuildPhase section */

/* Begin PBXTargetDependency section */
		6A60D97B283D011B004F8111 /* PBXTargetDependency */ = {
			isa = PBXTargetDependency;
			target = 6A60D968283D011B004F8111 /* TicTacToe */;
			targetProxy = 6A60D97A283D011B004F8111 /* PBXContainerItemProxy */;
		};
		6A60D985283D011B004F8111 /* PBXTargetDependency */ = {
			isa = PBXTargetDependency;
			target = 6A60D968283D011B004F8111 /* TicTacToe */;
			targetProxy = 6A60D984283D011B004F8111 /* PBXContainerItemProxy */;
		};
/* End PBXTargetDependency section */

/* Begin XCBuildConfiguration section */
		6A60D98B283D011B004F8111 /* Debug */ = {
			isa = XCBuildConfiguration;
			buildSettings = {
				ALWAYS_SEARCH_USER_PATHS = NO;
				CLANG_ANALYZER_NONNULL = YES;
				CLANG_ANALYZER_NUMBER_OBJECT_CONVERSION = YES_AGGRESSIVE;
				CLANG_CXX_LANGUAGE_STANDARD = "gnu++17";
				CLANG_ENABLE_MODULES = YES;
				CLANG_ENABLE_OBJC_ARC = YES;
				CLANG_ENABLE_OBJC_WEAK = YES;
				CLANG_WARN_BLOCK_CAPTURE_AUTORELEASING = YES;
				CLANG_WARN_BOOL_CONVERSION = YES;
				CLANG_WARN_COMMA = YES;
				CLANG_WARN_CONSTANT_CONVERSION = YES;
				CLANG_WARN_DEPRECATED_OBJC_IMPLEMENTATIONS = YES;
				CLANG_WARN_DIRECT_OBJC_ISA_USAGE = YES_ERROR;
				CLANG_WARN_DOCUMENTATION_COMMENTS = YES;
				CLANG_WARN_EMPTY_BODY = YES;
				CLANG_WARN_ENUM_CONVERSION = YES;
				CLANG_WARN_INFINITE_RECURSION = YES;
				CLANG_WARN_INT_CONVERSION = YES;
				CLANG_WARN_NON_LITERAL_NULL_CONVERSION = YES;
				CLANG_WARN_OBJC_IMPLICIT_RETAIN_SELF = YES;
				CLANG_WARN_OBJC_LITERAL_CONVERSION = YES;
				CLANG_WARN_OBJC_ROOT_CLASS = YES_ERROR;
				CLANG_WARN_QUOTED_INCLUDE_IN_FRAMEWORK_HEADER = YES;
				CLANG_WARN_RANGE_LOOP_ANALYSIS = YES;
				CLANG_WARN_STRICT_PROTOTYPES = YES;
				CLANG_WARN_SUSPICIOUS_MOVE = YES;
				CLANG_WARN_UNGUARDED_AVAILABILITY = YES_AGGRESSIVE;
				CLANG_WARN_UNREACHABLE_CODE = YES;
				CLANG_WARN__DUPLICATE_METHOD_MATCH = YES;
				COPY_PHASE_STRIP = NO;
				DEBUG_INFORMATION_FORMAT = dwarf;
				ENABLE_STRICT_OBJC_MSGSEND = YES;
				ENABLE_TESTABILITY = YES;
				GCC_C_LANGUAGE_STANDARD = gnu11;
				GCC_DYNAMIC_NO_PIC = NO;
				GCC_NO_COMMON_BLOCKS = YES;
				GCC_OPTIMIZATION_LEVEL = 0;
				GCC_PREPROCESSOR_DEFINITIONS = (
					"DEBUG=1",
					"$(inherited)",
				);
				GCC_WARN_64_TO_32_BIT_CONVERSION = YES;
				GCC_WARN_ABOUT_RETURN_TYPE = YES_ERROR;
				GCC_WARN_UNDECLARED_SELECTOR = YES;
				GCC_WARN_UNINITIALIZED_AUTOS = YES_AGGRESSIVE;
				GCC_WARN_UNUSED_FUNCTION = YES;
				GCC_WARN_UNUSED_VARIABLE = YES;
				IPHONEOS_DEPLOYMENT_TARGET = 15.4;
				MTL_ENABLE_DEBUG_INFO = INCLUDE_SOURCE;
				MTL_FAST_MATH = YES;
				ONLY_ACTIVE_ARCH = YES;
				SDKROOT = iphoneos;
				SWIFT_ACTIVE_COMPILATION_CONDITIONS = DEBUG;
				SWIFT_OPTIMIZATION_LEVEL = "-Onone";
			};
			name = Debug;
		};
		6A60D98C283D011B004F8111 /* Release */ = {
			isa = XCBuildConfiguration;
			buildSettings = {
				ALWAYS_SEARCH_USER_PATHS = NO;
				CLANG_ANALYZER_NONNULL = YES;
				CLANG_ANALYZER_NUMBER_OBJECT_CONVERSION = YES_AGGRESSIVE;
				CLANG_CXX_LANGUAGE_STANDARD = "gnu++17";
				CLANG_ENABLE_MODULES = YES;
				CLANG_ENABLE_OBJC_ARC = YES;
				CLANG_ENABLE_OBJC_WEAK = YES;
				CLANG_WARN_BLOCK_CAPTURE_AUTORELEASING = YES;
				CLANG_WARN_BOOL_CONVERSION = YES;
				CLANG_WARN_COMMA = YES;
				CLANG_WARN_CONSTANT_CONVERSION = YES;
				CLANG_WARN_DEPRECATED_OBJC_IMPLEMENTATIONS = YES;
				CLANG_WARN_DIRECT_OBJC_ISA_USAGE = YES_ERROR;
				CLANG_WARN_DOCUMENTATION_COMMENTS = YES;
				CLANG_WARN_EMPTY_BODY = YES;
				CLANG_WARN_ENUM_CONVERSION = YES;
				CLANG_WARN_INFINITE_RECURSION = YES;
				CLANG_WARN_INT_CONVERSION = YES;
				CLANG_WARN_NON_LITERAL_NULL_CONVERSION = YES;
				CLANG_WARN_OBJC_IMPLICIT_RETAIN_SELF = YES;
				CLANG_WARN_OBJC_LITERAL_CONVERSION = YES;
				CLANG_WARN_OBJC_ROOT_CLASS = YES_ERROR;
				CLANG_WARN_QUOTED_INCLUDE_IN_FRAMEWORK_HEADER = YES;
				CLANG_WARN_RANGE_LOOP_ANALYSIS = YES;
				CLANG_WARN_STRICT_PROTOTYPES = YES;
				CLANG_WARN_SUSPICIOUS_MOVE = YES;
				CLANG_WARN_UNGUARDED_AVAILABILITY = YES_AGGRESSIVE;
				CLANG_WARN_UNREACHABLE_CODE = YES;
				CLANG_WARN__DUPLICATE_METHOD_MATCH = YES;
				COPY_PHASE_STRIP = NO;
				DEBUG_INFORMATION_FORMAT = "dwarf-with-dsym";
				ENABLE_NS_ASSERTIONS = NO;
				ENABLE_STRICT_OBJC_MSGSEND = YES;
				GCC_C_LANGUAGE_STANDARD = gnu11;
				GCC_NO_COMMON_BLOCKS = YES;
				GCC_WARN_64_TO_32_BIT_CONVERSION = YES;
				GCC_WARN_ABOUT_RETURN_TYPE = YES_ERROR;
				GCC_WARN_UNDECLARED_SELECTOR = YES;
				GCC_WARN_UNINITIALIZED_AUTOS = YES_AGGRESSIVE;
				GCC_WARN_UNUSED_FUNCTION = YES;
				GCC_WARN_UNUSED_VARIABLE = YES;
				IPHONEOS_DEPLOYMENT_TARGET = 15.4;
				MTL_ENABLE_DEBUG_INFO = NO;
				MTL_FAST_MATH = YES;
				SDKROOT = iphoneos;
				SWIFT_COMPILATION_MODE = wholemodule;
				SWIFT_OPTIMIZATION_LEVEL = "-O";
				VALIDATE_PRODUCT = YES;
			};
			name = Release;
		};
		6A60D98E283D011B004F8111 /* Debug */ = {
			isa = XCBuildConfiguration;
			buildSettings = {
				ASSETCATALOG_COMPILER_APPICON_NAME = AppIcon;
				ASSETCATALOG_COMPILER_GLOBAL_ACCENT_COLOR_NAME = AccentColor;
				CODE_SIGN_STYLE = Automatic;
				CURRENT_PROJECT_VERSION = 1;
				DEVELOPMENT_ASSET_PATHS = "\"TicTacToe/Preview Content\"";
				DEVELOPMENT_TEAM = 8K52FAQ674;
				ENABLE_PREVIEWS = YES;
				GENERATE_INFOPLIST_FILE = YES;
				INFOPLIST_KEY_UIApplicationSceneManifest_Generation = YES;
				INFOPLIST_KEY_UIApplicationSupportsIndirectInputEvents = YES;
				INFOPLIST_KEY_UILaunchScreen_Generation = YES;
				INFOPLIST_KEY_UISupportedInterfaceOrientations_iPad = "UIInterfaceOrientationPortrait UIInterfaceOrientationPortraitUpsideDown UIInterfaceOrientationLandscapeLeft UIInterfaceOrientationLandscapeRight";
				INFOPLIST_KEY_UISupportedInterfaceOrientations_iPhone = "UIInterfaceOrientationPortrait UIInterfaceOrientationLandscapeLeft UIInterfaceOrientationLandscapeRight";
				LD_RUNPATH_SEARCH_PATHS = (
					"$(inherited)",
					"@executable_path/Frameworks",
				);
				MARKETING_VERSION = 1.0;
				PRODUCT_BUNDLE_IDENTIFIER = main.TicTacToe;
				PRODUCT_NAME = "$(TARGET_NAME)";
				SWIFT_EMIT_LOC_STRINGS = YES;
				SWIFT_VERSION = 5.0;
				TARGETED_DEVICE_FAMILY = "1,2";
			};
			name = Debug;
		};
		6A60D98F283D011B004F8111 /* Release */ = {
			isa = XCBuildConfiguration;
			buildSettings = {
				ASSETCATALOG_COMPILER_APPICON_NAME = AppIcon;
				ASSETCATALOG_COMPILER_GLOBAL_ACCENT_COLOR_NAME = AccentColor;
				CODE_SIGN_STYLE = Automatic;
				CURRENT_PROJECT_VERSION = 1;
				DEVELOPMENT_ASSET_PATHS = "\"TicTacToe/Preview Content\"";
				DEVELOPMENT_TEAM = 8K52FAQ674;
				ENABLE_PREVIEWS = YES;
				GENERATE_INFOPLIST_FILE = YES;
				INFOPLIST_KEY_UIApplicationSceneManifest_Generation = YES;
				INFOPLIST_KEY_UIApplicationSupportsIndirectInputEvents = YES;
				INFOPLIST_KEY_UILaunchScreen_Generation = YES;
				INFOPLIST_KEY_UISupportedInterfaceOrientations_iPad = "UIInterfaceOrientationPortrait UIInterfaceOrientationPortraitUpsideDown UIInterfaceOrientationLandscapeLeft UIInterfaceOrientationLandscapeRight";
				INFOPLIST_KEY_UISupportedInterfaceOrientations_iPhone = "UIInterfaceOrientationPortrait UIInterfaceOrientationLandscapeLeft UIInterfaceOrientationLandscapeRight";
				LD_RUNPATH_SEARCH_PATHS = (
					"$(inherited)",
					"@executable_path/Frameworks",
				);
				MARKETING_VERSION = 1.0;
				PRODUCT_BUNDLE_IDENTIFIER = main.TicTacToe;
				PRODUCT_NAME = "$(TARGET_NAME)";
				SWIFT_EMIT_LOC_STRINGS = YES;
				SWIFT_VERSION = 5.0;
				TARGETED_DEVICE_FAMILY = "1,2";
			};
			name = Release;
		};
		6A60D991283D011B004F8111 /* Debug */ = {
			isa = XCBuildConfiguration;
			buildSettings = {
				ALWAYS_EMBED_SWIFT_STANDARD_LIBRARIES = YES;
				BUNDLE_LOADER = "$(TEST_HOST)";
				CODE_SIGN_STYLE = Automatic;
				CURRENT_PROJECT_VERSION = 1;
				DEVELOPMENT_TEAM = 8K52FAQ674;
				GENERATE_INFOPLIST_FILE = YES;
				IPHONEOS_DEPLOYMENT_TARGET = 15.4;
				MARKETING_VERSION = 1.0;
				PRODUCT_BUNDLE_IDENTIFIER = main.TicTacToeTests;
				PRODUCT_NAME = "$(TARGET_NAME)";
				SWIFT_EMIT_LOC_STRINGS = NO;
				SWIFT_VERSION = 5.0;
				TARGETED_DEVICE_FAMILY = "1,2";
				TEST_HOST = "$(BUILT_PRODUCTS_DIR)/TicTacToe.app/TicTacToe";
			};
			name = Debug;
		};
		6A60D992283D011B004F8111 /* Release */ = {
			isa = XCBuildConfiguration;
			buildSettings = {
				ALWAYS_EMBED_SWIFT_STANDARD_LIBRARIES = YES;
				BUNDLE_LOADER = "$(TEST_HOST)";
				CODE_SIGN_STYLE = Automatic;
				CURRENT_PROJECT_VERSION = 1;
				DEVELOPMENT_TEAM = 8K52FAQ674;
				GENERATE_INFOPLIST_FILE = YES;
				IPHONEOS_DEPLOYMENT_TARGET = 15.4;
				MARKETING_VERSION = 1.0;
				PRODUCT_BUNDLE_IDENTIFIER = main.TicTacToeTests;
				PRODUCT_NAME = "$(TARGET_NAME)";
				SWIFT_EMIT_LOC_STRINGS = NO;
				SWIFT_VERSION = 5.0;
				TARGETED_DEVICE_FAMILY = "1,2";
				TEST_HOST = "$(BUILT_PRODUCTS_DIR)/TicTacToe.app/TicTacToe";
			};
			name = Release;
		};
		6A60D994283D011B004F8111 /* Debug */ = {
			isa = XCBuildConfiguration;
			buildSettings = {
				ALWAYS_EMBED_SWIFT_STANDARD_LIBRARIES = YES;
				CODE_SIGN_STYLE = Automatic;
				CURRENT_PROJECT_VERSION = 1;
				DEVELOPMENT_TEAM = 8K52FAQ674;
				GENERATE_INFOPLIST_FILE = YES;
				MARKETING_VERSION = 1.0;
				PRODUCT_BUNDLE_IDENTIFIER = main.TicTacToeUITests;
				PRODUCT_NAME = "$(TARGET_NAME)";
				SWIFT_EMIT_LOC_STRINGS = NO;
				SWIFT_VERSION = 5.0;
				TARGETED_DEVICE_FAMILY = "1,2";
				TEST_TARGET_NAME = TicTacToe;
			};
			name = Debug;
		};
		6A60D995283D011B004F8111 /* Release */ = {
			isa = XCBuildConfiguration;
			buildSettings = {
				ALWAYS_EMBED_SWIFT_STANDARD_LIBRARIES = YES;
				CODE_SIGN_STYLE = Automatic;
				CURRENT_PROJECT_VERSION = 1;
				DEVELOPMENT_TEAM = 8K52FAQ674;
				GENERATE_INFOPLIST_FILE = YES;
				MARKETING_VERSION = 1.0;
				PRODUCT_BUNDLE_IDENTIFIER = main.TicTacToeUITests;
				PRODUCT_NAME = "$(TARGET_NAME)";
				SWIFT_EMIT_LOC_STRINGS = NO;
				SWIFT_VERSION = 5.0;
				TARGETED_DEVICE_FAMILY = "1,2";
				TEST_TARGET_NAME = TicTacToe;
			};
			name = Release;
		};
/* End XCBuildConfiguration section */

/* Begin XCConfigurationList section */
		6A60D964283D011B004F8111 /* Build configuration list for PBXProject "TicTacToe" */ = {
			isa = XCConfigurationList;
			buildConfigurations = (
				6A60D98B283D011B004F8111 /* Debug */,
				6A60D98C283D011B004F8111 /* Release */,
			);
			defaultConfigurationIsVisible = 0;
			defaultConfigurationName = Release;
		};
		6A60D98D283D011B004F8111 /* Build configuration list for PBXNativeTarget "TicTacToe" */ = {
			isa = XCConfigurationList;
			buildConfigurations = (
				6A60D98E283D011B004F8111 /* Debug */,
				6A60D98F283D011B004F8111 /* Release */,
			);
			defaultConfigurationIsVisible = 0;
			defaultConfigurationName = Release;
		};
		6A60D990283D011B004F8111 /* Build configuration list for PBXNativeTarget "TicTacToeTests" */ = {
			isa = XCConfigurationList;
			buildConfigurations = (
				6A60D991283D011B004F8111 /* Debug */,
				6A60D992283D011B004F8111 /* Release */,
			);
			defaultConfigurationIsVisible = 0;
			defaultConfigurationName = Release;
		};
		6A60D993283D011B004F8111 /* Build configuration list for PBXNativeTarget "TicTacToeUITests" */ = {
			isa = XCConfigurationList;
			buildConfigurations = (
				6A60D994283D011B004F8111 /* Debug */,
				6A60D995283D011B004F8111 /* Release */,
			);
			defaultConfigurationIsVisible = 0;
			defaultConfigurationName = Release;
		};
/* End XCConfigurationList section */
	};
	rootObject = 6A60D961283D011B004F8111 /* Project object */;
}
