// !$*UTF8*$!
{
	archiveVersion = 1;
	classes = {
	};
	objectVersion = 55;
	objects = {

/* Begin PBXBuildFile section */
		6ADD6B6B28530B3F00347B8C /* LandmarkDemoApp.swift in Sources */ = {isa = PBXBuildFile; fileRef = 6ADD6B6A28530B3F00347B8C /* LandmarkDemoApp.swift */; };
		6ADD6B6D28530B3F00347B8C /* ContentView.swift in Sources */ = {isa = PBXBuildFile; fileRef = 6ADD6B6C28530B3F00347B8C /* ContentView.swift */; };
		6ADD6B6F28530B4300347B8C /* Assets.xcassets in Resources */ = {isa = PBXBuildFile; fileRef = 6ADD6B6E28530B4300347B8C /* Assets.xcassets */; };
		6ADD6B7228530B4300347B8C /* Preview Assets.xcassets in Resources */ = {isa = PBXBuildFile; fileRef = 6ADD6B7128530B4300347B8C /* Preview Assets.xcassets */; };
		6ADD6B7928530DD500347B8C /* CircleImage.swift in Sources */ = {isa = PBXBuildFile; fileRef = 6ADD6B7828530DD500347B8C /* CircleImage.swift */; };
		6ADD6B7B28530F4900347B8C /* MapView.swift in Sources */ = {isa = PBXBuildFile; fileRef = 6ADD6B7A28530F4900347B8C /* MapView.swift */; };
		6ADD6B7F2853131A00347B8C /* landmarkData.json in Resources */ = {isa = PBXBuildFile; fileRef = 6ADD6B7E2853131A00347B8C /* landmarkData.json */; };
		6ADD6B812853133A00347B8C /* Landmark.swift in Sources */ = {isa = PBXBuildFile; fileRef = 6ADD6B802853133A00347B8C /* Landmark.swift */; };
		6ADD6B83285316F000347B8C /* ModelData.swift in Sources */ = {isa = PBXBuildFile; fileRef = 6ADD6B82285316F000347B8C /* ModelData.swift */; };
		6ADD6B872853181F00347B8C /* LandmarkRow.swift in Sources */ = {isa = PBXBuildFile; fileRef = 6ADD6B862853181F00347B8C /* LandmarkRow.swift */; };
		6ADD6B8928531A0900347B8C /* LandmarkList.swift in Sources */ = {isa = PBXBuildFile; fileRef = 6ADD6B8828531A0900347B8C /* LandmarkList.swift */; };
		6ADD6B8B28531B0B00347B8C /* LandMarkDetail.swift in Sources */ = {isa = PBXBuildFile; fileRef = 6ADD6B8A28531B0B00347B8C /* LandMarkDetail.swift */; };
/* End PBXBuildFile section */

/* Begin PBXFileReference section */
		6ADD6B6728530B3F00347B8C /* LandmarkDemo.app */ = {isa = PBXFileReference; explicitFileType = wrapper.application; includeInIndex = 0; path = LandmarkDemo.app; sourceTree = BUILT_PRODUCTS_DIR; };
		6ADD6B6A28530B3F00347B8C /* LandmarkDemoApp.swift */ = {isa = PBXFileReference; lastKnownFileType = sourcecode.swift; path = LandmarkDemoApp.swift; sourceTree = "<group>"; };
		6ADD6B6C28530B3F00347B8C /* ContentView.swift */ = {isa = PBXFileReference; lastKnownFileType = sourcecode.swift; path = ContentView.swift; sourceTree = "<group>"; };
		6ADD6B6E28530B4300347B8C /* Assets.xcassets */ = {isa = PBXFileReference; lastKnownFileType = folder.assetcatalog; path = Assets.xcassets; sourceTree = "<group>"; };
		6ADD6B7128530B4300347B8C /* Preview Assets.xcassets */ = {isa = PBXFileReference; lastKnownFileType = folder.assetcatalog; path = "Preview Assets.xcassets"; sourceTree = "<group>"; };
		6ADD6B7828530DD500347B8C /* CircleImage.swift */ = {isa = PBXFileReference; lastKnownFileType = sourcecode.swift; path = CircleImage.swift; sourceTree = "<group>"; };
		6ADD6B7A28530F4900347B8C /* MapView.swift */ = {isa = PBXFileReference; lastKnownFileType = sourcecode.swift; path = MapView.swift; sourceTree = "<group>"; };
		6ADD6B7E2853131A00347B8C /* landmarkData.json */ = {isa = PBXFileReference; fileEncoding = 4; lastKnownFileType = text.json; path = landmarkData.json; sourceTree = "<group>"; };
		6ADD6B802853133A00347B8C /* Landmark.swift */ = {isa = PBXFileReference; lastKnownFileType = sourcecode.swift; path = Landmark.swift; sourceTree = "<group>"; };
		6ADD6B82285316F000347B8C /* ModelData.swift */ = {isa = PBXFileReference; lastKnownFileType = sourcecode.swift; path = ModelData.swift; sourceTree = "<group>"; };
		6ADD6B862853181F00347B8C /* LandmarkRow.swift */ = {isa = PBXFileReference; lastKnownFileType = sourcecode.swift; path = LandmarkRow.swift; sourceTree = "<group>"; };
		6ADD6B8828531A0900347B8C /* LandmarkList.swift */ = {isa = PBXFileReference; lastKnownFileType = sourcecode.swift; path = LandmarkList.swift; sourceTree = "<group>"; };
		6ADD6B8A28531B0B00347B8C /* LandMarkDetail.swift */ = {isa = PBXFileReference; lastKnownFileType = sourcecode.swift; path = LandMarkDetail.swift; sourceTree = "<group>"; };
/* End PBXFileReference section */

/* Begin PBXFrameworksBuildPhase section */
		6ADD6B6428530B3F00347B8C /* Frameworks */ = {
			isa = PBXFrameworksBuildPhase;
			buildActionMask = 2147483647;
			files = (
			);
			runOnlyForDeploymentPostprocessing = 0;
		};
/* End PBXFrameworksBuildPhase section */

/* Begin PBXGroup section */
		6ADD6B5E28530B3F00347B8C = {
			isa = PBXGroup;
			children = (
				6ADD6B6928530B3F00347B8C /* LandmarkDemo */,
				6ADD6B6828530B3F00347B8C /* Products */,
			);
			sourceTree = "<group>";
		};
		6ADD6B6828530B3F00347B8C /* Products */ = {
			isa = PBXGroup;
			children = (
				6ADD6B6728530B3F00347B8C /* LandmarkDemo.app */,
			);
			name = Products;
			sourceTree = "<group>";
		};
		6ADD6B6928530B3F00347B8C /* LandmarkDemo */ = {
			isa = PBXGroup;
			children = (
				6ADD6B6A28530B3F00347B8C /* LandmarkDemoApp.swift */,
				6ADD6B7D2853130700347B8C /* Resources */,
				6ADD6B84285317DB00347B8C /* Model */,
				6ADD6B85285317EB00347B8C /* View */,
				6ADD6B6E28530B4300347B8C /* Assets.xcassets */,
				6ADD6B7028530B4300347B8C /* Preview Content */,
			);
			path = LandmarkDemo;
			sourceTree = "<group>";
		};
		6ADD6B7028530B4300347B8C /* Preview Content */ = {
			isa = PBXGroup;
			children = (
				6ADD6B7128530B4300347B8C /* Preview Assets.xcassets */,
			);
			path = "Preview Content";
			sourceTree = "<group>";
		};
		6ADD6B7D2853130700347B8C /* Resources */ = {
			isa = PBXGroup;
			children = (
				6ADD6B7E2853131A00347B8C /* landmarkData.json */,
			);
			path = Resources;
			sourceTree = "<group>";
		};
		6ADD6B84285317DB00347B8C /* Model */ = {
			isa = PBXGroup;
			children = (
				6ADD6B802853133A00347B8C /* Landmark.swift */,
				6ADD6B82285316F000347B8C /* ModelData.swift */,
			);
			path = Model;
			sourceTree = "<group>";
		};
		6ADD6B85285317EB00347B8C /* View */ = {
			isa = PBXGroup;
			children = (
				6ADD6B6C28530B3F00347B8C /* ContentView.swift */,
				6ADD6B7828530DD500347B8C /* CircleImage.swift */,
				6ADD6B7A28530F4900347B8C /* MapView.swift */,
				6ADD6B862853181F00347B8C /* LandmarkRow.swift */,
				6ADD6B8828531A0900347B8C /* LandmarkList.swift */,
				6ADD6B8A28531B0B00347B8C /* LandMarkDetail.swift */,
			);
			path = View;
			sourceTree = "<group>";
		};
/* End PBXGroup section */

/* Begin PBXNativeTarget section */
		6ADD6B6628530B3F00347B8C /* LandmarkDemo */ = {
			isa = PBXNativeTarget;
			buildConfigurationList = 6ADD6B7528530B4300347B8C /* Build configuration list for PBXNativeTarget "LandmarkDemo" */;
			buildPhases = (
				6ADD6B6328530B3F00347B8C /* Sources */,
				6ADD6B6428530B3F00347B8C /* Frameworks */,
				6ADD6B6528530B3F00347B8C /* Resources */,
			);
			buildRules = (
			);
			dependencies = (
			);
			name = LandmarkDemo;
			productName = LandmarkDemo;
			productReference = 6ADD6B6728530B3F00347B8C /* LandmarkDemo.app */;
			productType = "com.apple.product-type.application";
		};
/* End PBXNativeTarget section */

/* Begin PBXProject section */
		6ADD6B5F28530B3F00347B8C /* Project object */ = {
			isa = PBXProject;
			attributes = {
				BuildIndependentTargetsInParallel = 1;
				LastSwiftUpdateCheck = 1340;
				LastUpgradeCheck = 1340;
				TargetAttributes = {
					6ADD6B6628530B3F00347B8C = {
						CreatedOnToolsVersion = 13.4.1;
					};
				};
			};
			buildConfigurationList = 6ADD6B6228530B3F00347B8C /* Build configuration list for PBXProject "LandmarkDemo" */;
			compatibilityVersion = "Xcode 13.0";
			developmentRegion = en;
			hasScannedForEncodings = 0;
			knownRegions = (
				en,
				Base,
			);
			mainGroup = 6ADD6B5E28530B3F00347B8C;
			productRefGroup = 6ADD6B6828530B3F00347B8C /* Products */;
			projectDirPath = "";
			projectRoot = "";
			targets = (
				6ADD6B6628530B3F00347B8C /* LandmarkDemo */,
			);
		};
/* End PBXProject section */

/* Begin PBXResourcesBuildPhase section */
		6ADD6B6528530B3F00347B8C /* Resources */ = {
			isa = PBXResourcesBuildPhase;
			buildActionMask = 2147483647;
			files = (
				6ADD6B7228530B4300347B8C /* Preview Assets.xcassets in Resources */,
				6ADD6B6F28530B4300347B8C /* Assets.xcassets in Resources */,
				6ADD6B7F2853131A00347B8C /* landmarkData.json in Resources */,
			);
			runOnlyForDeploymentPostprocessing = 0;
		};
/* End PBXResourcesBuildPhase section */

/* Begin PBXSourcesBuildPhase section */
		6ADD6B6328530B3F00347B8C /* Sources */ = {
			isa = PBXSourcesBuildPhase;
			buildActionMask = 2147483647;
			files = (
				6ADD6B6D28530B3F00347B8C /* ContentView.swift in Sources */,
				6ADD6B7B28530F4900347B8C /* MapView.swift in Sources */,
				6ADD6B6B28530B3F00347B8C /* LandmarkDemoApp.swift in Sources */,
				6ADD6B8928531A0900347B8C /* LandmarkList.swift in Sources */,
				6ADD6B8B28531B0B00347B8C /* LandMarkDetail.swift in Sources */,
				6ADD6B7928530DD500347B8C /* CircleImage.swift in Sources */,
				6ADD6B812853133A00347B8C /* Landmark.swift in Sources */,
				6ADD6B872853181F00347B8C /* LandmarkRow.swift in Sources */,
				6ADD6B83285316F000347B8C /* ModelData.swift in Sources */,
			);
			runOnlyForDeploymentPostprocessing = 0;
		};
/* End PBXSourcesBuildPhase section */

/* Begin XCBuildConfiguration section */
		6ADD6B7328530B4300347B8C /* Debug */ = {
			isa = XCBuildConfiguration;
			buildSettings = {
				ALWAYS_SEARCH_USER_PATHS = NO;
				CLANG_ANALYZER_NONNULL = YES;
				CLANG_ANALYZER_NUMBER_OBJECT_CONVERSION = YES_AGGRESSIVE;
				CLANG_CXX_LANGUAGE_STANDARD = "gnu++17";
				CLANG_ENABLE_MODULES = YES;
				CLANG_ENABLE_OBJC_ARC = YES;
				CLANG_ENABLE_OBJC_WEAK = YES;
				CLANG_WARN_BLOCK_CAPTURE_AUTORELEASING = YES;
				CLANG_WARN_BOOL_CONVERSION = YES;
				CLANG_WARN_COMMA = YES;
				CLANG_WARN_CONSTANT_CONVERSION = YES;
				CLANG_WARN_DEPRECATED_OBJC_IMPLEMENTATIONS = YES;
				CLANG_WARN_DIRECT_OBJC_ISA_USAGE = YES_ERROR;
				CLANG_WARN_DOCUMENTATION_COMMENTS = YES;
				CLANG_WARN_EMPTY_BODY = YES;
				CLANG_WARN_ENUM_CONVERSION = YES;
				CLANG_WARN_INFINITE_RECURSION = YES;
				CLANG_WARN_INT_CONVERSION = YES;
				CLANG_WARN_NON_LITERAL_NULL_CONVERSION = YES;
				CLANG_WARN_OBJC_IMPLICIT_RETAIN_SELF = YES;
				CLANG_WARN_OBJC_LITERAL_CONVERSION = YES;
				CLANG_WARN_OBJC_ROOT_CLASS = YES_ERROR;
				CLANG_WARN_QUOTED_INCLUDE_IN_FRAMEWORK_HEADER = YES;
				CLANG_WARN_RANGE_LOOP_ANALYSIS = YES;
				CLANG_WARN_STRICT_PROTOTYPES = YES;
				CLANG_WARN_SUSPICIOUS_MOVE = YES;
				CLANG_WARN_UNGUARDED_AVAILABILITY = YES_AGGRESSIVE;
				CLANG_WARN_UNREACHABLE_CODE = YES;
				CLANG_WARN__DUPLICATE_METHOD_MATCH = YES;
				COPY_PHASE_STRIP = NO;
				DEBUG_INFORMATION_FORMAT = dwarf;
				ENABLE_STRICT_OBJC_MSGSEND = YES;
				ENABLE_TESTABILITY = YES;
				GCC_C_LANGUAGE_STANDARD = gnu11;
				GCC_DYNAMIC_NO_PIC = NO;
				GCC_NO_COMMON_BLOCKS = YES;
				GCC_OPTIMIZATION_LEVEL = 0;
				GCC_PREPROCESSOR_DEFINITIONS = (
					"DEBUG=1",
					"$(inherited)",
				);
				GCC_WARN_64_TO_32_BIT_CONVERSION = YES;
				GCC_WARN_ABOUT_RETURN_TYPE = YES_ERROR;
				GCC_WARN_UNDECLARED_SELECTOR = YES;
				GCC_WARN_UNINITIALIZED_AUTOS = YES_AGGRESSIVE;
				GCC_WARN_UNUSED_FUNCTION = YES;
				GCC_WARN_UNUSED_VARIABLE = YES;
				IPHONEOS_DEPLOYMENT_TARGET = 15.5;
				MTL_ENABLE_DEBUG_INFO = INCLUDE_SOURCE;
				MTL_FAST_MATH = YES;
				ONLY_ACTIVE_ARCH = YES;
				SDKROOT = iphoneos;
				SWIFT_ACTIVE_COMPILATION_CONDITIONS = DEBUG;
				SWIFT_OPTIMIZATION_LEVEL = "-Onone";
			};
			name = Debug;
		};
		6ADD6B7428530B4300347B8C /* Release */ = {
			isa = XCBuildConfiguration;
			buildSettings = {
				ALWAYS_SEARCH_USER_PATHS = NO;
				CLANG_ANALYZER_NONNULL = YES;
				CLANG_ANALYZER_NUMBER_OBJECT_CONVERSION = YES_AGGRESSIVE;
				CLANG_CXX_LANGUAGE_STANDARD = "gnu++17";
				CLANG_ENABLE_MODULES = YES;
				CLANG_ENABLE_OBJC_ARC = YES;
				CLANG_ENABLE_OBJC_WEAK = YES;
				CLANG_WARN_BLOCK_CAPTURE_AUTORELEASING = YES;
				CLANG_WARN_BOOL_CONVERSION = YES;
				CLANG_WARN_COMMA = YES;
				CLANG_WARN_CONSTANT_CONVERSION = YES;
				CLANG_WARN_DEPRECATED_OBJC_IMPLEMENTATIONS = YES;
				CLANG_WARN_DIRECT_OBJC_ISA_USAGE = YES_ERROR;
				CLANG_WARN_DOCUMENTATION_COMMENTS = YES;
				CLANG_WARN_EMPTY_BODY = YES;
				CLANG_WARN_ENUM_CONVERSION = YES;
				CLANG_WARN_INFINITE_RECURSION = YES;
				CLANG_WARN_INT_CONVERSION = YES;
				CLANG_WARN_NON_LITERAL_NULL_CONVERSION = YES;
				CLANG_WARN_OBJC_IMPLICIT_RETAIN_SELF = YES;
				CLANG_WARN_OBJC_LITERAL_CONVERSION = YES;
				CLANG_WARN_OBJC_ROOT_CLASS = YES_ERROR;
				CLANG_WARN_QUOTED_INCLUDE_IN_FRAMEWORK_HEADER = YES;
				CLANG_WARN_RANGE_LOOP_ANALYSIS = YES;
				CLANG_WARN_STRICT_PROTOTYPES = YES;
				CLANG_WARN_SUSPICIOUS_MOVE = YES;
				CLANG_WARN_UNGUARDED_AVAILABILITY = YES_AGGRESSIVE;
				CLANG_WARN_UNREACHABLE_CODE = YES;
				CLANG_WARN__DUPLICATE_METHOD_MATCH = YES;
				COPY_PHASE_STRIP = NO;
				DEBUG_INFORMATION_FORMAT = "dwarf-with-dsym";
				ENABLE_NS_ASSERTIONS = NO;
				ENABLE_STRICT_OBJC_MSGSEND = YES;
				GCC_C_LANGUAGE_STANDARD = gnu11;
				GCC_NO_COMMON_BLOCKS = YES;
				GCC_WARN_64_TO_32_BIT_CONVERSION = YES;
				GCC_WARN_ABOUT_RETURN_TYPE = YES_ERROR;
				GCC_WARN_UNDECLARED_SELECTOR = YES;
				GCC_WARN_UNINITIALIZED_AUTOS = YES_AGGRESSIVE;
				GCC_WARN_UNUSED_FUNCTION = YES;
				GCC_WARN_UNUSED_VARIABLE = YES;
				IPHONEOS_DEPLOYMENT_TARGET = 15.5;
				MTL_ENABLE_DEBUG_INFO = NO;
				MTL_FAST_MATH = YES;
				SDKROOT = iphoneos;
				SWIFT_COMPILATION_MODE = wholemodule;
				SWIFT_OPTIMIZATION_LEVEL = "-O";
				VALIDATE_PRODUCT = YES;
			};
			name = Release;
		};
		6ADD6B7628530B4300347B8C /* Debug */ = {
			isa = XCBuildConfiguration;
			buildSettings = {
				ASSETCATALOG_COMPILER_APPICON_NAME = AppIcon;
				ASSETCATALOG_COMPILER_GLOBAL_ACCENT_COLOR_NAME = AccentColor;
				CODE_SIGN_STYLE = Automatic;
				CURRENT_PROJECT_VERSION = 1;
				DEVELOPMENT_ASSET_PATHS = "\"LandmarkDemo/Preview Content\"";
				DEVELOPMENT_TEAM = 8K52FAQ674;
				ENABLE_PREVIEWS = YES;
				GENERATE_INFOPLIST_FILE = YES;
				INFOPLIST_KEY_UIApplicationSceneManifest_Generation = YES;
				INFOPLIST_KEY_UIApplicationSupportsIndirectInputEvents = YES;
				INFOPLIST_KEY_UILaunchScreen_Generation = YES;
				INFOPLIST_KEY_UISupportedInterfaceOrientations_iPad = "UIInterfaceOrientationPortrait UIInterfaceOrientationPortraitUpsideDown UIInterfaceOrientationLandscapeLeft UIInterfaceOrientationLandscapeRight";
				INFOPLIST_KEY_UISupportedInterfaceOrientations_iPhone = "UIInterfaceOrientationPortrait UIInterfaceOrientationLandscapeLeft UIInterfaceOrientationLandscapeRight";
				LD_RUNPATH_SEARCH_PATHS = (
					"$(inherited)",
					"@executable_path/Frameworks",
				);
				MARKETING_VERSION = 1.0;
				PRODUCT_BUNDLE_IDENTIFIER = main.LandmarkDemo;
				PRODUCT_NAME = "$(TARGET_NAME)";
				SWIFT_EMIT_LOC_STRINGS = YES;
				SWIFT_VERSION = 5.0;
				TARGETED_DEVICE_FAMILY = "1,2";
			};
			name = Debug;
		};
		6ADD6B7728530B4300347B8C /* Release */ = {
			isa = XCBuildConfiguration;
			buildSettings = {
				ASSETCATALOG_COMPILER_APPICON_NAME = AppIcon;
				ASSETCATALOG_COMPILER_GLOBAL_ACCENT_COLOR_NAME = AccentColor;
				CODE_SIGN_STYLE = Automatic;
				CURRENT_PROJECT_VERSION = 1;
				DEVELOPMENT_ASSET_PATHS = "\"LandmarkDemo/Preview Content\"";
				DEVELOPMENT_TEAM = 8K52FAQ674;
				ENABLE_PREVIEWS = YES;
				GENERATE_INFOPLIST_FILE = YES;
				INFOPLIST_KEY_UIApplicationSceneManifest_Generation = YES;
				INFOPLIST_KEY_UIApplicationSupportsIndirectInputEvents = YES;
				INFOPLIST_KEY_UILaunchScreen_Generation = YES;
				INFOPLIST_KEY_UISupportedInterfaceOrientations_iPad = "UIInterfaceOrientationPortrait UIInterfaceOrientationPortraitUpsideDown UIInterfaceOrientationLandscapeLeft UIInterfaceOrientationLandscapeRight";
				INFOPLIST_KEY_UISupportedInterfaceOrientations_iPhone = "UIInterfaceOrientationPortrait UIInterfaceOrientationLandscapeLeft UIInterfaceOrientationLandscapeRight";
				LD_RUNPATH_SEARCH_PATHS = (
					"$(inherited)",
					"@executable_path/Frameworks",
				);
				MARKETING_VERSION = 1.0;
				PRODUCT_BUNDLE_IDENTIFIER = main.LandmarkDemo;
				PRODUCT_NAME = "$(TARGET_NAME)";
				SWIFT_EMIT_LOC_STRINGS = YES;
				SWIFT_VERSION = 5.0;
				TARGETED_DEVICE_FAMILY = "1,2";
			};
			name = Release;
		};
/* End XCBuildConfiguration section */

/* Begin XCConfigurationList section */
		6ADD6B6228530B3F00347B8C /* Build configuration list for PBXProject "LandmarkDemo" */ = {
			isa = XCConfigurationList;
			buildConfigurations = (
				6ADD6B7328530B4300347B8C /* Debug */,
				6ADD6B7428530B4300347B8C /* Release */,
			);
			defaultConfigurationIsVisible = 0;
			defaultConfigurationName = Release;
		};
		6ADD6B7528530B4300347B8C /* Build configuration list for PBXNativeTarget "LandmarkDemo" */ = {
			isa = XCConfigurationList;
			buildConfigurations = (
				6ADD6B7628530B4300347B8C /* Debug */,
				6ADD6B7728530B4300347B8C /* Release */,
			);
			defaultConfigurationIsVisible = 0;
			defaultConfigurationName = Release;
		};
/* End XCConfigurationList section */
	};
	rootObject = 6ADD6B5F28530B3F00347B8C /* Project object */;
}
